
Microsoft Visual Studio Solution File, Format Version 12.00
# Visual Studio 15
VisualStudioVersion = 15.0.36001.139
MinimumVisualStudioVersion = 10.0.40219.1
Project("{8BC9CEB8-8B4A-11D0-8D11-00A0C91BC942}") = "DataTypes", "DataTypes\DataTypes.vcxproj", "{7833D657-B821-4731-88CB-57D04F491152}"
EndProject
Global
	GlobalSection(SolutionConfigurationPlatforms) = preSolution
		Debug|x64 = Debug|x64
		Debug|x86 = Debug|x86
		Release|x64 = Release|x64
		Release|x86 = Release|x86
	EndGlobalSection
	GlobalSection(ProjectConfigurationPlatforms) = postSolution
		{7833D657-B821-4731-88CB-57D04F491152}.Debug|x64.ActiveCfg = Debug|x64
		{7833D657-B821-4731-88CB-57D04F491152}.Debug|x64.Build.0 = Debug|x64
		{7833D657-B821-4731-88CB-57D04F491152}.Debug|x86.ActiveCfg = Debug|Win32
		{7833D657-B821-4731-88CB-57D04F491152}.Debug|x86.Build.0 = Debug|Win32
		{7833D657-B821-4731-88CB-57D04F491152}.Release|x64.ActiveCfg = Release|x64
		{7833D657-B821-4731-88CB-57D04F491152}.Release|x64.Build.0 = Release|x64
		{7833D657-B821-4731-88CB-57D04F491152}.Release|x86.ActiveCfg = Release|Win32
		{7833D657-B821-4731-88CB-57D04F491152}.Release|x86.Build.0 = Release|Win32
	EndGlobalSection
	GlobalSection(SolutionProperties) = preSolution
		HideSolutionNode = FALSE
	EndGlobalSection
	GlobalSection(ExtensibilityGlobals) = postSolution
		SolutionGuid = {18FD6062-4157-472D-A0A2-DD0CA81078A8}
	EndGlobalSection
EndGlobal
